// !$*UTF8*$!
{
	archiveVersion = 1;
	classes = {
	};
	objectVersion = 46;
	objects = {

/* Begin PBXBuildFile section */
		02042D121398BA7800F066F1 /* MapNENativeMain.h in Headers */ = {isa = PBXBuildFile; fileRef = 02042D101398BA7800F066F1 /* MapNENativeMain.h */; };
		02042D131398BA7800F066F1 /* MapNENativeMain.m in Sources */ = {isa = PBXBuildFile; fileRef = 02042D111398BA7800F066F1 /* MapNENativeMain.m */; };
		02042D151398BAB000F066F1 /* FlashRuntimeExtensions.h in Headers */ = {isa = PBXBuildFile; fileRef = 02042D141398BAB000F066F1 /* FlashRuntimeExtensions.h */; };
		024B9F451536F23800140A15 /* MapWrapper.h in Headers */ = {isa = PBXBuildFile; fileRef = 024B9F431536F23800140A15 /* MapWrapper.h */; };
		024B9F461536F23800140A15 /* MapWrapper.m in Sources */ = {isa = PBXBuildFile; fileRef = 024B9F441536F23800140A15 /* MapWrapper.m */; };
		024B9F491536F46F00140A15 /* UtilityClass.h in Headers */ = {isa = PBXBuildFile; fileRef = 024B9F471536F46F00140A15 /* UtilityClass.h */; };
		024B9F4A1536F46F00140A15 /* UtilityClass.m in Sources */ = {isa = PBXBuildFile; fileRef = 024B9F481536F46F00140A15 /* UtilityClass.m */; };
		024B9F521543073D00140A15 /* MyCustomOverlay.h in Headers */ = {isa = PBXBuildFile; fileRef = 024B9F501543073D00140A15 /* MyCustomOverlay.h */; };
		024B9F531543073D00140A15 /* MyCustomOverlay.m in Sources */ = {isa = PBXBuildFile; fileRef = 024B9F511543073D00140A15 /* MyCustomOverlay.m */; };
		0262624213BA209000CE37D0 /* QuartzCore.framework in Frameworks */ = {isa = PBXBuildFile; fileRef = 0262624113BA209000CE37D0 /* QuartzCore.framework */; };
		026FC7B11398E14C001D6E61 /* MapKit.framework in Frameworks */ = {isa = PBXBuildFile; fileRef = 026FC7B01398E14C001D6E61 /* MapKit.framework */; };
		02D6F942140FC5D200D6A6E7 /* MyCustomAnnotation.h in Headers */ = {isa = PBXBuildFile; fileRef = 02D6F940140FC5D200D6A6E7 /* MyCustomAnnotation.h */; };
		02D6F943140FC5D200D6A6E7 /* MyCustomAnnotation.m in Sources */ = {isa = PBXBuildFile; fileRef = 02D6F941140FC5D200D6A6E7 /* MyCustomAnnotation.m */; };
		AA747D9F0F9514B9006C5449 /* NativeMaps_Prefix.pch in Headers */ = {isa = PBXBuildFile; fileRef = AA747D9E0F9514B9006C5449 /* NativeMaps_Prefix.pch */; };
		AACBBE4A0F95108600F1A2B1 /* Foundation.framework in Frameworks */ = {isa = PBXBuildFile; fileRef = AACBBE490F95108600F1A2B1 /* Foundation.framework */; };
/* End PBXBuildFile section */

/* Begin PBXFileReference section */
		02042D101398BA7800F066F1 /* MapNENativeMain.h */ = {isa = PBXFileReference; fileEncoding = 4; lastKnownFileType = sourcecode.c.h; path = MapNENativeMain.h; sourceTree = "<group>"; };
		02042D111398BA7800F066F1 /* MapNENativeMain.m */ = {isa = PBXFileReference; fileEncoding = 4; lastKnownFileType = sourcecode.c.objc; path = MapNENativeMain.m; sourceTree = "<group>"; };
		02042D141398BAB000F066F1 /* FlashRuntimeExtensions.h */ = {isa = PBXFileReference; fileEncoding = 4; lastKnownFileType = sourcecode.c.h; path = FlashRuntimeExtensions.h; sourceTree = "<group>"; };
		024B9F431536F23800140A15 /* MapWrapper.h */ = {isa = PBXFileReference; fileEncoding = 4; lastKnownFileType = sourcecode.c.h; path = MapWrapper.h; sourceTree = "<group>"; };
		024B9F441536F23800140A15 /* MapWrapper.m */ = {isa = PBXFileReference; fileEncoding = 4; lastKnownFileType = sourcecode.c.objc; path = MapWrapper.m; sourceTree = "<group>"; };
		024B9F471536F46F00140A15 /* UtilityClass.h */ = {isa = PBXFileReference; fileEncoding = 4; lastKnownFileType = sourcecode.c.h; path = UtilityClass.h; sourceTree = "<group>"; };
		024B9F481536F46F00140A15 /* UtilityClass.m */ = {isa = PBXFileReference; fileEncoding = 4; lastKnownFileType = sourcecode.c.objc; path = UtilityClass.m; sourceTree = "<group>"; };
		024B9F501543073D00140A15 /* MyCustomOverlay.h */ = {isa = PBXFileReference; fileEncoding = 4; lastKnownFileType = sourcecode.c.h; path = MyCustomOverlay.h; sourceTree = "<group>"; };
		024B9F511543073D00140A15 /* MyCustomOverlay.m */ = {isa = PBXFileReference; fileEncoding = 4; lastKnownFileType = sourcecode.c.objc; path = MyCustomOverlay.m; sourceTree = "<group>"; };
		0262624113BA209000CE37D0 /* QuartzCore.framework */ = {isa = PBXFileReference; lastKnownFileType = wrapper.framework; name = QuartzCore.framework; path = System/Library/Frameworks/QuartzCore.framework; sourceTree = SDKROOT; };
		026FC7B01398E14C001D6E61 /* MapKit.framework */ = {isa = PBXFileReference; lastKnownFileType = wrapper.framework; name = MapKit.framework; path = System/Library/Frameworks/MapKit.framework; sourceTree = SDKROOT; };
		02D6F940140FC5D200D6A6E7 /* MyCustomAnnotation.h */ = {isa = PBXFileReference; fileEncoding = 4; lastKnownFileType = sourcecode.c.h; path = MyCustomAnnotation.h; sourceTree = "<group>"; };
		02D6F941140FC5D200D6A6E7 /* MyCustomAnnotation.m */ = {isa = PBXFileReference; fileEncoding = 4; lastKnownFileType = sourcecode.c.objc; path = MyCustomAnnotation.m; sourceTree = "<group>"; };
		02D6F9441410051400D6A6E7 /* Default-Landscape~ipad.png */ = {isa = PBXFileReference; lastKnownFileType = image.png; path = "Default-Landscape~ipad.png"; sourceTree = "<group>"; };
		AA747D9E0F9514B9006C5449 /* NativeMaps_Prefix.pch */ = {isa = PBXFileReference; fileEncoding = 4; lastKnownFileType = sourcecode.c.h; path = NativeMaps_Prefix.pch; sourceTree = "<group>"; };
		AACBBE490F95108600F1A2B1 /* Foundation.framework */ = {isa = PBXFileReference; lastKnownFileType = wrapper.framework; name = Foundation.framework; path = System/Library/Frameworks/Foundation.framework; sourceTree = SDKROOT; };
		D2AAC07E0554694100DB518D /* libNativeMaps.a */ = {isa = PBXFileReference; explicitFileType = archive.ar; includeInIndex = 0; path = libNativeMaps.a; sourceTree = BUILT_PRODUCTS_DIR; };
/* End PBXFileReference section */

/* Begin PBXFrameworksBuildPhase section */
		D2AAC07C0554694100DB518D /* Frameworks */ = {
			isa = PBXFrameworksBuildPhase;
			buildActionMask = 2147483647;
			files = (
				AACBBE4A0F95108600F1A2B1 /* Foundation.framework in Frameworks */,
				026FC7B11398E14C001D6E61 /* MapKit.framework in Frameworks */,
				0262624213BA209000CE37D0 /* QuartzCore.framework in Frameworks */,
			);
			runOnlyForDeploymentPostprocessing = 0;
		};
/* End PBXFrameworksBuildPhase section */

/* Begin PBXGroup section */
		034768DFFF38A50411DB9C8B /* Products */ = {
			isa = PBXGroup;
			children = (
				D2AAC07E0554694100DB518D /* libNativeMaps.a */,
			);
			name = Products;
			sourceTree = "<group>";
		};
		0867D691FE84028FC02AAC07 /* MapsNE_Native */ = {
			isa = PBXGroup;
			children = (
				02D6F9441410051400D6A6E7 /* Default-Landscape~ipad.png */,
				08FB77AEFE84172EC02AAC07 /* Classes */,
				32C88DFF0371C24200C91783 /* Other Sources */,
				0867D69AFE84028FC02AAC07 /* Frameworks */,
				034768DFFF38A50411DB9C8B /* Products */,
			);
			name = MapsNE_Native;
			sourceTree = "<group>";
		};
		0867D69AFE84028FC02AAC07 /* Frameworks */ = {
			isa = PBXGroup;
			children = (
				0262624113BA209000CE37D0 /* QuartzCore.framework */,
				AACBBE490F95108600F1A2B1 /* Foundation.framework */,
				026FC7B01398E14C001D6E61 /* MapKit.framework */,
			);
			name = Frameworks;
			sourceTree = "<group>";
		};
		08FB77AEFE84172EC02AAC07 /* Classes */ = {
			isa = PBXGroup;
			children = (
				02D6F940140FC5D200D6A6E7 /* MyCustomAnnotation.h */,
				02D6F941140FC5D200D6A6E7 /* MyCustomAnnotation.m */,
				02042D141398BAB000F066F1 /* FlashRuntimeExtensions.h */,
				02042D101398BA7800F066F1 /* MapNENativeMain.h */,
				02042D111398BA7800F066F1 /* MapNENativeMain.m */,
				024B9F431536F23800140A15 /* MapWrapper.h */,
				024B9F441536F23800140A15 /* MapWrapper.m */,
				024B9F471536F46F00140A15 /* UtilityClass.h */,
				024B9F481536F46F00140A15 /* UtilityClass.m */,
				024B9F501543073D00140A15 /* MyCustomOverlay.h */,
				024B9F511543073D00140A15 /* MyCustomOverlay.m */,
			);
			name = Classes;
			sourceTree = "<group>";
		};
		32C88DFF0371C24200C91783 /* Other Sources */ = {
			isa = PBXGroup;
			children = (
				AA747D9E0F9514B9006C5449 /* NativeMaps_Prefix.pch */,
			);
			name = "Other Sources";
			sourceTree = "<group>";
		};
/* End PBXGroup section */

/* Begin PBXHeadersBuildPhase section */
		D2AAC07A0554694100DB518D /* Headers */ = {
			isa = PBXHeadersBuildPhase;
			buildActionMask = 2147483647;
			files = (
				AA747D9F0F9514B9006C5449 /* NativeMaps_Prefix.pch in Headers */,
				02042D121398BA7800F066F1 /* MapNENativeMain.h in Headers */,
				02042D151398BAB000F066F1 /* FlashRuntimeExtensions.h in Headers */,
				02D6F942140FC5D200D6A6E7 /* MyCustomAnnotation.h in Headers */,
				024B9F451536F23800140A15 /* MapWrapper.h in Headers */,
				024B9F491536F46F00140A15 /* UtilityClass.h in Headers */,
				024B9F521543073D00140A15 /* MyCustomOverlay.h in Headers */,
			);
			runOnlyForDeploymentPostprocessing = 0;
		};
/* End PBXHeadersBuildPhase section */

/* Begin PBXNativeTarget section */
		D2AAC07D0554694100DB518D /* NativeMaps */ = {
			isa = PBXNativeTarget;
			buildConfigurationList = 1DEB921E08733DC00010E9CD /* Build configuration list for PBXNativeTarget "NativeMaps" */;
			buildPhases = (
				D2AAC07A0554694100DB518D /* Headers */,
				D2AAC07B0554694100DB518D /* Sources */,
				D2AAC07C0554694100DB518D /* Frameworks */,
			);
			buildRules = (
			);
			dependencies = (
			);
			name = NativeMaps;
			productName = MapsNE_Native;
			productReference = D2AAC07E0554694100DB518D /* libNativeMaps.a */;
			productType = "com.apple.product-type.library.static";
		};
/* End PBXNativeTarget section */

/* Begin PBXProject section */
		0867D690FE84028FC02AAC07 /* Project object */ = {
			isa = PBXProject;
			attributes = {
				LastUpgradeCheck = 0500;
			};
			buildConfigurationList = 1DEB922208733DC00010E9CD /* Build configuration list for PBXProject "NativeMaps" */;
			compatibilityVersion = "Xcode 3.2";
			developmentRegion = English;
			hasScannedForEncodings = 1;
			knownRegions = (
				English,
				Japanese,
				French,
				German,
			);
			mainGroup = 0867D691FE84028FC02AAC07 /* MapsNE_Native */;
			productRefGroup = 034768DFFF38A50411DB9C8B /* Products */;
			projectDirPath = "";
			projectRoot = "";
			targets = (
				D2AAC07D0554694100DB518D /* NativeMaps */,
			);
		};
/* End PBXProject section */

/* Begin PBXSourcesBuildPhase section */
		D2AAC07B0554694100DB518D /* Sources */ = {
			isa = PBXSourcesBuildPhase;
			buildActionMask = 2147483647;
			files = (
				02042D131398BA7800F066F1 /* MapNENativeMain.m in Sources */,
				02D6F943140FC5D200D6A6E7 /* MyCustomAnnotation.m in Sources */,
				024B9F461536F23800140A15 /* MapWrapper.m in Sources */,
				024B9F4A1536F46F00140A15 /* UtilityClass.m in Sources */,
				024B9F531543073D00140A15 /* MyCustomOverlay.m in Sources */,
			);
			runOnlyForDeploymentPostprocessing = 0;
		};
/* End PBXSourcesBuildPhase section */

/* Begin XCBuildConfiguration section */
		1DEB921F08733DC00010E9CD /* Debug */ = {
			isa = XCBuildConfiguration;
			buildSettings = {
				ALWAYS_SEARCH_USER_PATHS = NO;
				COPY_PHASE_STRIP = NO;
				DSTROOT = /tmp/MapsNE_Native.dst;
				GCC_DYNAMIC_NO_PIC = NO;
				GCC_MODEL_TUNING = G5;
				GCC_OPTIMIZATION_LEVEL = 0;
				GCC_PRECOMPILE_PREFIX_HEADER = YES;
				GCC_PREFIX_HEADER = NativeMaps_Prefix.pch;
				GCC_VERSION = "";
				INSTALL_PATH = /usr/local/lib;
				IPHONEOS_DEPLOYMENT_TARGET = 4.3;
				PRODUCT_NAME = NativeMaps;
			};
			name = Debug;
		};
		1DEB922008733DC00010E9CD /* Release */ = {
			isa = XCBuildConfiguration;
			buildSettings = {
				ALWAYS_SEARCH_USER_PATHS = NO;
				DSTROOT = /tmp/MapsNE_Native.dst;
				GCC_MODEL_TUNING = G5;
				GCC_PRECOMPILE_PREFIX_HEADER = YES;
				GCC_PREFIX_HEADER = NativeMaps_Prefix.pch;
				GCC_VERSION = "";
				INSTALL_PATH = /usr/local/lib;
				IPHONEOS_DEPLOYMENT_TARGET = 4.3;
				PRODUCT_NAME = NativeMaps;
			};
			name = Release;
		};
		1DEB922308733DC00010E9CD /* Debug */ = {
			isa = XCBuildConfiguration;
			buildSettings = {
				GCC_C_LANGUAGE_STANDARD = c99;
				GCC_OPTIMIZATION_LEVEL = 0;
				GCC_VERSION = com.apple.compilers.llvmgcc42;
				GCC_WARN_ABOUT_RETURN_TYPE = YES;
				GCC_WARN_UNUSED_VARIABLE = YES;
				ONLY_ACTIVE_ARCH = YES;
				OTHER_LDFLAGS = "-ObjC";
				SDKROOT = iphoneos;
				VALID_ARCHS = "armv6 armv7";
			};
			name = Debug;
		};
		1DEB922408733DC00010E9CD /* Release */ = {
			isa = XCBuildConfiguration;
			buildSettings = {
				GCC_C_LANGUAGE_STANDARD = c99;
				GCC_VERSION = com.apple.compilers.llvmgcc42;
				GCC_WARN_ABOUT_RETURN_TYPE = YES;
				GCC_WARN_UNUSED_VARIABLE = YES;
				OTHER_LDFLAGS = "-ObjC";
				SDKROOT = iphoneos;
				VALID_ARCHS = "armv6 armv7";
			};
			name = Release;
		};
/* End XCBuildConfiguration section */

/* Begin XCConfigurationList section */
		1DEB921E08733DC00010E9CD /* Build configuration list for PBXNativeTarget "NativeMaps" */ = {
			isa = XCConfigurationList;
			buildConfigurations = (
				1DEB921F08733DC00010E9CD /* Debug */,
				1DEB922008733DC00010E9CD /* Release */,
			);
			defaultConfigurationIsVisible = 0;
			defaultConfigurationName = Release;
		};
		1DEB922208733DC00010E9CD /* Build configuration list for PBXProject "NativeMaps" */ = {
			isa = XCConfigurationList;
			buildConfigurations = (
				1DEB922308733DC00010E9CD /* Debug */,
				1DEB922408733DC00010E9CD /* Release */,
			);
			defaultConfigurationIsVisible = 0;
			defaultConfigurationName = Release;
		};
/* End XCConfigurationList section */
	};
	rootObject = 0867D690FE84028FC02AAC07 /* Project object */;
}
